
Microsoft Visual Studio Solution File, Format Version 12.00
# Visual Studio Version 16
VisualStudioVersion = 16.0.29411.138
MinimumVisualStudioVersion = 10.0.40219.1
Project("{888888A0-9F3D-457C-B088-3A5042F75D52}") = "BasicProject", "BasicProject\BasicProject.pyproj", "{6912DBF7-32AC-44F9-B42A-C3508B0E2139}"
EndProject
Project("{888888A0-9F3D-457C-B088-3A5042F75D52}") = "FlaskWeb", "FlaskWeb\FlaskWeb.pyproj", "{0E3EDFA8-0FF9-4A38-9078-77316385B76A}"
EndProject
Project("{888888A0-9F3D-457C-B088-3A5042F75D52}") = "Flask Pools", "Flask Pools\Flask Pools.pyproj", "{AF6B521B-5A0A-4A04-B058-167C5DB14E97}"
EndProject
Global
	GlobalSection(SolutionConfigurationPlatforms) = preSolution
		Debug|Any CPU = Debug|Any CPU
		Release|Any CPU = Release|Any CPU
	EndGlobalSection
	GlobalSection(ProjectConfigurationPlatforms) = postSolution
		{6912DBF7-32AC-44F9-B42A-C3508B0E2139}.Debug|Any CPU.ActiveCfg = Debug|Any CPU
		{6912DBF7-32AC-44F9-B42A-C3508B0E2139}.Debug|Any CPU.Build.0 = Debug|Any CPU
		{6912DBF7-32AC-44F9-B42A-C3508B0E2139}.Release|Any CPU.ActiveCfg = Release|Any CPU
		{6912DBF7-32AC-44F9-B42A-C3508B0E2139}.Release|Any CPU.Build.0 = Release|Any CPU
		{0E3EDFA8-0FF9-4A38-9078-77316385B76A}.Debug|Any CPU.ActiveCfg = Debug|Any CPU
		{0E3EDFA8-0FF9-4A38-9078-77316385B76A}.Debug|Any CPU.Build.0 = Debug|Any CPU
		{0E3EDFA8-0FF9-4A38-9078-77316385B76A}.Release|Any CPU.ActiveCfg = Release|Any CPU
		{0E3EDFA8-0FF9-4A38-9078-77316385B76A}.Release|Any CPU.Build.0 = Release|Any CPU
		{AF6B521B-5A0A-4A04-B058-167C5DB14E97}.Debug|Any CPU.ActiveCfg = Debug|Any CPU
		{AF6B521B-5A0A-4A04-B058-167C5DB14E97}.Debug|Any CPU.Build.0 = Debug|Any CPU
		{AF6B521B-5A0A-4A04-B058-167C5DB14E97}.Release|Any CPU.ActiveCfg = Release|Any CPU
		{AF6B521B-5A0A-4A04-B058-167C5DB14E97}.Release|Any CPU.Build.0 = Release|Any CPU
	EndGlobalSection
	GlobalSection(SolutionProperties) = preSolution
		HideSolutionNode = FALSE
	EndGlobalSection
	GlobalSection(ExtensibilityGlobals) = postSolution
		SolutionGuid = {C67532D6-7450-4AFC-8BF4-A32A48B18994}
	EndGlobalSection
EndGlobal
